
Microsoft Visual Studio Solution File, Format Version 12.00
# Visual Studio Version 17
VisualStudioVersion = 17.9.34616.47
MinimumVisualStudioVersion = 10.0.40219.1
Project("{FAE04EC0-301F-11D3-BF4B-00C04F79EFBC}") = "pic_puzzle", "pic_puzzle\pic_puzzle.csproj", "{6CE2FDFE-8F9D-4B39-9C8C-7298259B03C1}"
EndProject
Global
	GlobalSection(SolutionConfigurationPlatforms) = preSolution
		Debug|Any CPU = Debug|Any CPU
		Release|Any CPU = Release|Any CPU
	EndGlobalSection
	GlobalSection(ProjectConfigurationPlatforms) = postSolution
		{6CE2FDFE-8F9D-4B39-9C8C-7298259B03C1}.Debug|Any CPU.ActiveCfg = Debug|Any CPU
		{6CE2FDFE-8F9D-4B39-9C8C-7298259B03C1}.Debug|Any CPU.Build.0 = Debug|Any CPU
		{6CE2FDFE-8F9D-4B39-9C8C-7298259B03C1}.Release|Any CPU.ActiveCfg = Release|Any CPU
		{6CE2FDFE-8F9D-4B39-9C8C-7298259B03C1}.Release|Any CPU.Build.0 = Release|Any CPU
	EndGlobalSection
	GlobalSection(SolutionProperties) = preSolution
		HideSolutionNode = FALSE
	EndGlobalSection
	GlobalSection(ExtensibilityGlobals) = postSolution
		SolutionGuid = {22C0008E-7C7F-48BF-9212-2D810E78451A}
	EndGlobalSection
EndGlobal
